
Microsoft Visual Studio Solution File, Format Version 12.00
# Visual Studio 2012
Project("{FAE04EC0-301F-11D3-BF4B-00C04F79EFBC}") = "CowboyFS.Web.UI", "CowboyFS.Web.UI\CowboyFS.Web.UI.csproj", "{4DA07CA5-13D1-4917-B8EB-4EB19E40C80C}"
EndProject
Global
	GlobalSection(SolutionConfigurationPlatforms) = preSolution
		Debug|Any CPU = Debug|Any CPU
		Release|Any CPU = Release|Any CPU
	EndGlobalSection
	GlobalSection(ProjectConfigurationPlatforms) = postSolution
		{4DA07CA5-13D1-4917-B8EB-4EB19E40C80C}.Debug|Any CPU.ActiveCfg = Debug|Any CPU
		{4DA07CA5-13D1-4917-B8EB-4EB19E40C80C}.Debug|Any CPU.Build.0 = Debug|Any CPU
		{4DA07CA5-13D1-4917-B8EB-4EB19E40C80C}.Release|Any CPU.ActiveCfg = Release|Any CPU
		{4DA07CA5-13D1-4917-B8EB-4EB19E40C80C}.Release|Any CPU.Build.0 = Release|Any CPU
	EndGlobalSection
	GlobalSection(SolutionProperties) = preSolution
		HideSolutionNode = FALSE
	EndGlobalSection
EndGlobal
